// !$*UTF8*$!
{
	archiveVersion = 1;
	classes = {
	};
	objectVersion = 50;
	objects = {

/* Begin PBXBuildFile section */
		11B4D49926121C1A00EDBC0D /* UMIDeduplication.cpp in Sources */ = {isa = PBXBuildFile; fileRef = 11B4D49826121C1A00EDBC0D /* UMIDeduplication.cpp */; };
		11B4D4A126121CC900EDBC0D /* UMI.cpp in Sources */ = {isa = PBXBuildFile; fileRef = 11B4D49F26121CC900EDBC0D /* UMI.cpp */; };
		11B4D4A42612261D00EDBC0D /* UMIGroup.cpp in Sources */ = {isa = PBXBuildFile; fileRef = 11B4D4A22612261D00EDBC0D /* UMIGroup.cpp */; };
		11B4D4A726139D7500EDBC0D /* UMISingle.cpp in Sources */ = {isa = PBXBuildFile; fileRef = 11B4D4A526139D7400EDBC0D /* UMISingle.cpp */; };
		11B4D4AA2613A28D00EDBC0D /* UMISingleGroup.cpp in Sources */ = {isa = PBXBuildFile; fileRef = 11B4D4A82613A28D00EDBC0D /* UMISingleGroup.cpp */; };
/* End PBXBuildFile section */

/* Begin PBXCopyFilesBuildPhase section */
		11B4D49326121C1A00EDBC0D /* CopyFiles */ = {
			isa = PBXCopyFilesBuildPhase;
			buildActionMask = 2147483647;
			dstPath = /usr/share/man/man1/;
			dstSubfolderSpec = 0;
			files = (
			);
			runOnlyForDeploymentPostprocessing = 1;
		};
/* End PBXCopyFilesBuildPhase section */

/* Begin PBXFileReference section */
		11B4D49526121C1A00EDBC0D /* UMIDeduplication */ = {isa = PBXFileReference; explicitFileType = "compiled.mach-o.executable"; includeInIndex = 0; path = UMIDeduplication; sourceTree = BUILT_PRODUCTS_DIR; };
		11B4D49826121C1A00EDBC0D /* UMIDeduplication.cpp */ = {isa = PBXFileReference; lastKnownFileType = sourcecode.cpp.cpp; path = UMIDeduplication.cpp; sourceTree = "<group>"; };
		11B4D49F26121CC900EDBC0D /* UMI.cpp */ = {isa = PBXFileReference; lastKnownFileType = sourcecode.cpp.cpp; path = UMI.cpp; sourceTree = "<group>"; };
		11B4D4A026121CC900EDBC0D /* UMI.hpp */ = {isa = PBXFileReference; lastKnownFileType = sourcecode.cpp.h; path = UMI.hpp; sourceTree = "<group>"; };
		11B4D4A22612261D00EDBC0D /* UMIGroup.cpp */ = {isa = PBXFileReference; lastKnownFileType = sourcecode.cpp.cpp; path = UMIGroup.cpp; sourceTree = "<group>"; };
		11B4D4A32612261D00EDBC0D /* UMIGroup.hpp */ = {isa = PBXFileReference; lastKnownFileType = sourcecode.cpp.h; path = UMIGroup.hpp; sourceTree = "<group>"; };
		11B4D4A526139D7400EDBC0D /* UMISingle.cpp */ = {isa = PBXFileReference; lastKnownFileType = sourcecode.cpp.cpp; path = UMISingle.cpp; sourceTree = "<group>"; };
		11B4D4A626139D7500EDBC0D /* UMISingle.hpp */ = {isa = PBXFileReference; lastKnownFileType = sourcecode.cpp.h; path = UMISingle.hpp; sourceTree = "<group>"; };
		11B4D4A82613A28D00EDBC0D /* UMISingleGroup.cpp */ = {isa = PBXFileReference; lastKnownFileType = sourcecode.cpp.cpp; path = UMISingleGroup.cpp; sourceTree = "<group>"; };
		11B4D4A92613A28D00EDBC0D /* UMISingleGroup.hpp */ = {isa = PBXFileReference; lastKnownFileType = sourcecode.cpp.h; path = UMISingleGroup.hpp; sourceTree = "<group>"; };
/* End PBXFileReference section */

/* Begin PBXFrameworksBuildPhase section */
		11B4D49226121C1A00EDBC0D /* Frameworks */ = {
			isa = PBXFrameworksBuildPhase;
			buildActionMask = 2147483647;
			files = (
			);
			runOnlyForDeploymentPostprocessing = 0;
		};
/* End PBXFrameworksBuildPhase section */

/* Begin PBXGroup section */
		11B4D48C26121C1A00EDBC0D = {
			isa = PBXGroup;
			children = (
				11B4D49726121C1A00EDBC0D /* UMIDeduplication */,
				11B4D49626121C1A00EDBC0D /* Products */,
			);
			sourceTree = "<group>";
		};
		11B4D49626121C1A00EDBC0D /* Products */ = {
			isa = PBXGroup;
			children = (
				11B4D49526121C1A00EDBC0D /* UMIDeduplication */,
			);
			name = Products;
			sourceTree = "<group>";
		};
		11B4D49726121C1A00EDBC0D /* UMIDeduplication */ = {
			isa = PBXGroup;
			children = (
				11B4D49826121C1A00EDBC0D /* UMIDeduplication.cpp */,
				11B4D49F26121CC900EDBC0D /* UMI.cpp */,
				11B4D4A026121CC900EDBC0D /* UMI.hpp */,
				11B4D4A22612261D00EDBC0D /* UMIGroup.cpp */,
				11B4D4A32612261D00EDBC0D /* UMIGroup.hpp */,
				11B4D4A526139D7400EDBC0D /* UMISingle.cpp */,
				11B4D4A626139D7500EDBC0D /* UMISingle.hpp */,
				11B4D4A82613A28D00EDBC0D /* UMISingleGroup.cpp */,
				11B4D4A92613A28D00EDBC0D /* UMISingleGroup.hpp */,
			);
			path = UMIDeduplication;
			sourceTree = "<group>";
		};
/* End PBXGroup section */

/* Begin PBXNativeTarget section */
		11B4D49426121C1A00EDBC0D /* UMIDeduplication */ = {
			isa = PBXNativeTarget;
			buildConfigurationList = 11B4D49C26121C1A00EDBC0D /* Build configuration list for PBXNativeTarget "UMIDeduplication" */;
			buildPhases = (
				11B4D49126121C1A00EDBC0D /* Sources */,
				11B4D49226121C1A00EDBC0D /* Frameworks */,
				11B4D49326121C1A00EDBC0D /* CopyFiles */,
			);
			buildRules = (
			);
			dependencies = (
			);
			name = UMIDeduplication;
			productName = UMIDeduplication;
			productReference = 11B4D49526121C1A00EDBC0D /* UMIDeduplication */;
			productType = "com.apple.product-type.tool";
		};
/* End PBXNativeTarget section */

/* Begin PBXProject section */
		11B4D48D26121C1A00EDBC0D /* Project object */ = {
			isa = PBXProject;
			attributes = {
				LastUpgradeCheck = 1160;
				ORGANIZATIONNAME = "Gang Peng";
				TargetAttributes = {
					11B4D49426121C1A00EDBC0D = {
						CreatedOnToolsVersion = 11.6;
					};
				};
			};
			buildConfigurationList = 11B4D49026121C1A00EDBC0D /* Build configuration list for PBXProject "UMIDeduplication" */;
			compatibilityVersion = "Xcode 9.3";
			developmentRegion = en;
			hasScannedForEncodings = 0;
			knownRegions = (
				en,
				Base,
			);
			mainGroup = 11B4D48C26121C1A00EDBC0D;
			productRefGroup = 11B4D49626121C1A00EDBC0D /* Products */;
			projectDirPath = "";
			projectRoot = "";
			targets = (
				11B4D49426121C1A00EDBC0D /* UMIDeduplication */,
			);
		};
/* End PBXProject section */

/* Begin PBXSourcesBuildPhase section */
		11B4D49126121C1A00EDBC0D /* Sources */ = {
			isa = PBXSourcesBuildPhase;
			buildActionMask = 2147483647;
			files = (
				11B4D49926121C1A00EDBC0D /* UMIDeduplication.cpp in Sources */,
				11B4D4A42612261D00EDBC0D /* UMIGroup.cpp in Sources */,
				11B4D4A126121CC900EDBC0D /* UMI.cpp in Sources */,
				11B4D4AA2613A28D00EDBC0D /* UMISingleGroup.cpp in Sources */,
				11B4D4A726139D7500EDBC0D /* UMISingle.cpp in Sources */,
			);
			runOnlyForDeploymentPostprocessing = 0;
		};
/* End PBXSourcesBuildPhase section */

/* Begin XCBuildConfiguration section */
		11B4D49A26121C1A00EDBC0D /* Debug */ = {
			isa = XCBuildConfiguration;
			buildSettings = {
				ALWAYS_SEARCH_USER_PATHS = NO;
				CLANG_ANALYZER_NONNULL = YES;
				CLANG_ANALYZER_NUMBER_OBJECT_CONVERSION = YES_AGGRESSIVE;
				CLANG_CXX_LANGUAGE_STANDARD = "gnu++14";
				CLANG_CXX_LIBRARY = "libc++";
				CLANG_ENABLE_MODULES = YES;
				CLANG_ENABLE_OBJC_ARC = YES;
				CLANG_ENABLE_OBJC_WEAK = YES;
				CLANG_WARN_BLOCK_CAPTURE_AUTORELEASING = YES;
				CLANG_WARN_BOOL_CONVERSION = YES;
				CLANG_WARN_COMMA = YES;
				CLANG_WARN_CONSTANT_CONVERSION = YES;
				CLANG_WARN_DEPRECATED_OBJC_IMPLEMENTATIONS = YES;
				CLANG_WARN_DIRECT_OBJC_ISA_USAGE = YES_ERROR;
				CLANG_WARN_DOCUMENTATION_COMMENTS = YES;
				CLANG_WARN_EMPTY_BODY = YES;
				CLANG_WARN_ENUM_CONVERSION = YES;
				CLANG_WARN_INFINITE_RECURSION = YES;
				CLANG_WARN_INT_CONVERSION = YES;
				CLANG_WARN_NON_LITERAL_NULL_CONVERSION = YES;
				CLANG_WARN_OBJC_IMPLICIT_RETAIN_SELF = YES;
				CLANG_WARN_OBJC_LITERAL_CONVERSION = YES;
				CLANG_WARN_OBJC_ROOT_CLASS = YES_ERROR;
				CLANG_WARN_RANGE_LOOP_ANALYSIS = YES;
				CLANG_WARN_STRICT_PROTOTYPES = YES;
				CLANG_WARN_SUSPICIOUS_MOVE = YES;
				CLANG_WARN_UNGUARDED_AVAILABILITY = YES_AGGRESSIVE;
				CLANG_WARN_UNREACHABLE_CODE = YES;
				CLANG_WARN__DUPLICATE_METHOD_MATCH = YES;
				COPY_PHASE_STRIP = NO;
				DEBUG_INFORMATION_FORMAT = dwarf;
				ENABLE_STRICT_OBJC_MSGSEND = YES;
				ENABLE_TESTABILITY = YES;
				GCC_C_LANGUAGE_STANDARD = gnu11;
				GCC_DYNAMIC_NO_PIC = NO;
				GCC_NO_COMMON_BLOCKS = YES;
				GCC_OPTIMIZATION_LEVEL = 0;
				GCC_PREPROCESSOR_DEFINITIONS = (
					"DEBUG=1",
					"$(inherited)",
				);
				GCC_WARN_64_TO_32_BIT_CONVERSION = YES;
				GCC_WARN_ABOUT_RETURN_TYPE = YES_ERROR;
				GCC_WARN_UNDECLARED_SELECTOR = YES;
				GCC_WARN_UNINITIALIZED_AUTOS = YES_AGGRESSIVE;
				GCC_WARN_UNUSED_FUNCTION = YES;
				GCC_WARN_UNUSED_VARIABLE = YES;
				MACOSX_DEPLOYMENT_TARGET = 10.15;
				MTL_ENABLE_DEBUG_INFO = INCLUDE_SOURCE;
				MTL_FAST_MATH = YES;
				ONLY_ACTIVE_ARCH = YES;
				SDKROOT = macosx;
			};
			name = Debug;
		};
		11B4D49B26121C1A00EDBC0D /* Release */ = {
			isa = XCBuildConfiguration;
			buildSettings = {
				ALWAYS_SEARCH_USER_PATHS = NO;
				CLANG_ANALYZER_NONNULL = YES;
				CLANG_ANALYZER_NUMBER_OBJECT_CONVERSION = YES_AGGRESSIVE;
				CLANG_CXX_LANGUAGE_STANDARD = "gnu++14";
				CLANG_CXX_LIBRARY = "libc++";
				CLANG_ENABLE_MODULES = YES;
				CLANG_ENABLE_OBJC_ARC = YES;
				CLANG_ENABLE_OBJC_WEAK = YES;
				CLANG_WARN_BLOCK_CAPTURE_AUTORELEASING = YES;
				CLANG_WARN_BOOL_CONVERSION = YES;
				CLANG_WARN_COMMA = YES;
				CLANG_WARN_CONSTANT_CONVERSION = YES;
				CLANG_WARN_DEPRECATED_OBJC_IMPLEMENTATIONS = YES;
				CLANG_WARN_DIRECT_OBJC_ISA_USAGE = YES_ERROR;
				CLANG_WARN_DOCUMENTATION_COMMENTS = YES;
				CLANG_WARN_EMPTY_BODY = YES;
				CLANG_WARN_ENUM_CONVERSION = YES;
				CLANG_WARN_INFINITE_RECURSION = YES;
				CLANG_WARN_INT_CONVERSION = YES;
				CLANG_WARN_NON_LITERAL_NULL_CONVERSION = YES;
				CLANG_WARN_OBJC_IMPLICIT_RETAIN_SELF = YES;
				CLANG_WARN_OBJC_LITERAL_CONVERSION = YES;
				CLANG_WARN_OBJC_ROOT_CLASS = YES_ERROR;
				CLANG_WARN_RANGE_LOOP_ANALYSIS = YES;
				CLANG_WARN_STRICT_PROTOTYPES = YES;
				CLANG_WARN_SUSPICIOUS_MOVE = YES;
				CLANG_WARN_UNGUARDED_AVAILABILITY = YES_AGGRESSIVE;
				CLANG_WARN_UNREACHABLE_CODE = YES;
				CLANG_WARN__DUPLICATE_METHOD_MATCH = YES;
				COPY_PHASE_STRIP = NO;
				DEBUG_INFORMATION_FORMAT = "dwarf-with-dsym";
				ENABLE_NS_ASSERTIONS = NO;
				ENABLE_STRICT_OBJC_MSGSEND = YES;
				GCC_C_LANGUAGE_STANDARD = gnu11;
				GCC_NO_COMMON_BLOCKS = YES;
				GCC_WARN_64_TO_32_BIT_CONVERSION = YES;
				GCC_WARN_ABOUT_RETURN_TYPE = YES_ERROR;
				GCC_WARN_UNDECLARED_SELECTOR = YES;
				GCC_WARN_UNINITIALIZED_AUTOS = YES_AGGRESSIVE;
				GCC_WARN_UNUSED_FUNCTION = YES;
				GCC_WARN_UNUSED_VARIABLE = YES;
				MACOSX_DEPLOYMENT_TARGET = 10.15;
				MTL_ENABLE_DEBUG_INFO = NO;
				MTL_FAST_MATH = YES;
				SDKROOT = macosx;
			};
			name = Release;
		};
		11B4D49D26121C1A00EDBC0D /* Debug */ = {
			isa = XCBuildConfiguration;
			buildSettings = {
				CODE_SIGN_STYLE = Automatic;
				HEADER_SEARCH_PATHS = /usr/local/boost_1_75_0/include;
				LIBRARY_SEARCH_PATHS = /usr/local/boost_1_75_0/lib;
				OTHER_LDFLAGS = "-lboost_iostreams";
				PRODUCT_NAME = "$(TARGET_NAME)";
			};
			name = Debug;
		};
		11B4D49E26121C1A00EDBC0D /* Release */ = {
			isa = XCBuildConfiguration;
			buildSettings = {
				CODE_SIGN_STYLE = Automatic;
				HEADER_SEARCH_PATHS = /usr/local/boost_1_75_0/include;
				LIBRARY_SEARCH_PATHS = /usr/local/boost_1_75_0/lib;
				OTHER_LDFLAGS = "-lboost_iostreams";
				PRODUCT_NAME = "$(TARGET_NAME)";
			};
			name = Release;
		};
/* End XCBuildConfiguration section */

/* Begin XCConfigurationList section */
		11B4D49026121C1A00EDBC0D /* Build configuration list for PBXProject "UMIDeduplication" */ = {
			isa = XCConfigurationList;
			buildConfigurations = (
				11B4D49A26121C1A00EDBC0D /* Debug */,
				11B4D49B26121C1A00EDBC0D /* Release */,
			);
			defaultConfigurationIsVisible = 0;
			defaultConfigurationName = Release;
		};
		11B4D49C26121C1A00EDBC0D /* Build configuration list for PBXNativeTarget "UMIDeduplication" */ = {
			isa = XCConfigurationList;
			buildConfigurations = (
				11B4D49D26121C1A00EDBC0D /* Debug */,
				11B4D49E26121C1A00EDBC0D /* Release */,
			);
			defaultConfigurationIsVisible = 0;
			defaultConfigurationName = Release;
		};
/* End XCConfigurationList section */
	};
	rootObject = 11B4D48D26121C1A00EDBC0D /* Project object */;
}
